{
  "name": "fund-fee-calculator",
  "version": "1.0.0",
  "lockfileVersion": 3,
  "requires": true,
  "packages": {
    "": {
      "name": "fund-fee-calculator",
      "version": "1.0.0",
      "devDependencies": {
        "pinyin-pro": "^3.28.0"
      }
    },
    "node_modules/pinyin-pro": {
      "version": "3.28.0",
      "resolved": "https://registry.npmjs.org/pinyin-pro/-/pinyin-pro-3.28.0.tgz",
      "integrity": "sha512-mMRty6RisoyYNphJrTo3pnvp3w8OMZBrXm9YSWkxhAfxKj1KZk2y8T2PDIZlDDRsvZ0No+Hz6FI4sZpA6Ey25g==",
      "dev": true,
      "license": "MIT"
    }
  }
}
